
Microsoft Visual Studio Solution File, Format Version 12.00
# Visual Studio Version 16
VisualStudioVersion = 16.0.30804.86
MinimumVisualStudioVersion = 10.0.40219.1
Project("{FAE04EC0-301F-11D3-BF4B-00C04F79EFBC}") = "PluralSight_MSILfortheCSharpDeveloper", "PluralSight_MSILfortheCSharpDeveloper\PluralSight_MSILfortheCSharpDeveloper.csproj", "{1F965710-F319-4AB0-AC13-EE9E89362D9E}"
EndProject
Project("{FAE04EC0-301F-11D3-BF4B-00C04F79EFBC}") = "MyFirstReflectionDemo", "MyFirstReflectionDemo\MyFirstReflectionDemo.csproj", "{62D4232C-BC6C-4A2C-AE21-9172DAB1B089}"
EndProject
Project("{FAE04EC0-301F-11D3-BF4B-00C04F79EFBC}") = "MyFirstILDemo", "MyFirstILDemo\MyFirstILDemo.csproj", "{DA841CF4-6957-4A7E-82A1-95714B1D60AE}"
EndProject
Project("{FAE04EC0-301F-11D3-BF4B-00C04F79EFBC}") = "MySecondILDemo", "MySecondILDemo\MySecondILDemo.csproj", "{DBD9FDCD-EB62-4F95-A75F-2958D3890DFF}"
EndProject
Project("{FAE04EC0-301F-11D3-BF4B-00C04F79EFBC}") = "UsingBranchesAndLabels", "UsingBranchesAndLabels\UsingBranchesAndLabels.csproj", "{8D5FB9F2-59E8-4966-ADD8-CFD1F7E1271D}"
EndProject
Project("{FAE04EC0-301F-11D3-BF4B-00C04F79EFBC}") = "CallingMethods", "CallingMethods\CallingMethods.csproj", "{4F9865F0-64FB-4AA7-BEC6-44878443808E}"
EndProject
Project("{FAE04EC0-301F-11D3-BF4B-00C04F79EFBC}") = "RecursiveMethods", "RecursiveMethods\RecursiveMethods.csproj", "{099D4254-AD52-4B28-A34A-D11F8CA76589}"
EndProject
Project("{FAE04EC0-301F-11D3-BF4B-00C04F79EFBC}") = "Switches", "Switches\Switches.csproj", "{F9EB03BF-8F6A-4CD0-A79D-1F05B8F34CB6}"
EndProject
Project("{FAE04EC0-301F-11D3-BF4B-00C04F79EFBC}") = "CreatingAType", "CreatingAType\CreatingAType.csproj", "{35B8CF47-31AD-4024-BD85-BD1AED517268}"
EndProject
Project("{FAE04EC0-301F-11D3-BF4B-00C04F79EFBC}") = "SampleApplication", "SampleApplication\SampleApplication.csproj", "{16049EDC-6879-4A0F-9400-9617C56E5BB1}"
EndProject
Global
	GlobalSection(SolutionConfigurationPlatforms) = preSolution
		Debug|Any CPU = Debug|Any CPU
		Release|Any CPU = Release|Any CPU
	EndGlobalSection
	GlobalSection(ProjectConfigurationPlatforms) = postSolution
		{1F965710-F319-4AB0-AC13-EE9E89362D9E}.Debug|Any CPU.ActiveCfg = Debug|Any CPU
		{1F965710-F319-4AB0-AC13-EE9E89362D9E}.Debug|Any CPU.Build.0 = Debug|Any CPU
		{1F965710-F319-4AB0-AC13-EE9E89362D9E}.Release|Any CPU.ActiveCfg = Release|Any CPU
		{1F965710-F319-4AB0-AC13-EE9E89362D9E}.Release|Any CPU.Build.0 = Release|Any CPU
		{62D4232C-BC6C-4A2C-AE21-9172DAB1B089}.Debug|Any CPU.ActiveCfg = Debug|Any CPU
		{62D4232C-BC6C-4A2C-AE21-9172DAB1B089}.Debug|Any CPU.Build.0 = Debug|Any CPU
		{62D4232C-BC6C-4A2C-AE21-9172DAB1B089}.Release|Any CPU.ActiveCfg = Release|Any CPU
		{62D4232C-BC6C-4A2C-AE21-9172DAB1B089}.Release|Any CPU.Build.0 = Release|Any CPU
		{DA841CF4-6957-4A7E-82A1-95714B1D60AE}.Debug|Any CPU.ActiveCfg = Debug|Any CPU
		{DA841CF4-6957-4A7E-82A1-95714B1D60AE}.Debug|Any CPU.Build.0 = Debug|Any CPU
		{DA841CF4-6957-4A7E-82A1-95714B1D60AE}.Release|Any CPU.ActiveCfg = Release|Any CPU
		{DA841CF4-6957-4A7E-82A1-95714B1D60AE}.Release|Any CPU.Build.0 = Release|Any CPU
		{DBD9FDCD-EB62-4F95-A75F-2958D3890DFF}.Debug|Any CPU.ActiveCfg = Debug|Any CPU
		{DBD9FDCD-EB62-4F95-A75F-2958D3890DFF}.Debug|Any CPU.Build.0 = Debug|Any CPU
		{DBD9FDCD-EB62-4F95-A75F-2958D3890DFF}.Release|Any CPU.ActiveCfg = Release|Any CPU
		{DBD9FDCD-EB62-4F95-A75F-2958D3890DFF}.Release|Any CPU.Build.0 = Release|Any CPU
		{8D5FB9F2-59E8-4966-ADD8-CFD1F7E1271D}.Debug|Any CPU.ActiveCfg = Debug|Any CPU
		{8D5FB9F2-59E8-4966-ADD8-CFD1F7E1271D}.Debug|Any CPU.Build.0 = Debug|Any CPU
		{8D5FB9F2-59E8-4966-ADD8-CFD1F7E1271D}.Release|Any CPU.ActiveCfg = Release|Any CPU
		{8D5FB9F2-59E8-4966-ADD8-CFD1F7E1271D}.Release|Any CPU.Build.0 = Release|Any CPU
		{4F9865F0-64FB-4AA7-BEC6-44878443808E}.Debug|Any CPU.ActiveCfg = Debug|Any CPU
		{4F9865F0-64FB-4AA7-BEC6-44878443808E}.Debug|Any CPU.Build.0 = Debug|Any CPU
		{4F9865F0-64FB-4AA7-BEC6-44878443808E}.Release|Any CPU.ActiveCfg = Release|Any CPU
		{4F9865F0-64FB-4AA7-BEC6-44878443808E}.Release|Any CPU.Build.0 = Release|Any CPU
		{099D4254-AD52-4B28-A34A-D11F8CA76589}.Debug|Any CPU.ActiveCfg = Debug|Any CPU
		{099D4254-AD52-4B28-A34A-D11F8CA76589}.Debug|Any CPU.Build.0 = Debug|Any CPU
		{099D4254-AD52-4B28-A34A-D11F8CA76589}.Release|Any CPU.ActiveCfg = Release|Any CPU
		{099D4254-AD52-4B28-A34A-D11F8CA76589}.Release|Any CPU.Build.0 = Release|Any CPU
		{F9EB03BF-8F6A-4CD0-A79D-1F05B8F34CB6}.Debug|Any CPU.ActiveCfg = Debug|Any CPU
		{F9EB03BF-8F6A-4CD0-A79D-1F05B8F34CB6}.Debug|Any CPU.Build.0 = Debug|Any CPU
		{F9EB03BF-8F6A-4CD0-A79D-1F05B8F34CB6}.Release|Any CPU.ActiveCfg = Release|Any CPU
		{F9EB03BF-8F6A-4CD0-A79D-1F05B8F34CB6}.Release|Any CPU.Build.0 = Release|Any CPU
		{35B8CF47-31AD-4024-BD85-BD1AED517268}.Debug|Any CPU.ActiveCfg = Debug|Any CPU
		{35B8CF47-31AD-4024-BD85-BD1AED517268}.Debug|Any CPU.Build.0 = Debug|Any CPU
		{35B8CF47-31AD-4024-BD85-BD1AED517268}.Release|Any CPU.ActiveCfg = Release|Any CPU
		{35B8CF47-31AD-4024-BD85-BD1AED517268}.Release|Any CPU.Build.0 = Release|Any CPU
		{16049EDC-6879-4A0F-9400-9617C56E5BB1}.Debug|Any CPU.ActiveCfg = Debug|Any CPU
		{16049EDC-6879-4A0F-9400-9617C56E5BB1}.Debug|Any CPU.Build.0 = Debug|Any CPU
		{16049EDC-6879-4A0F-9400-9617C56E5BB1}.Release|Any CPU.ActiveCfg = Release|Any CPU
		{16049EDC-6879-4A0F-9400-9617C56E5BB1}.Release|Any CPU.Build.0 = Release|Any CPU
	EndGlobalSection
	GlobalSection(SolutionProperties) = preSolution
		HideSolutionNode = FALSE
	EndGlobalSection
	GlobalSection(ExtensibilityGlobals) = postSolution
		SolutionGuid = {E0B0DE40-21DE-4FDF-9ACE-4D85B9CE4646}
	EndGlobalSection
EndGlobal
